{
  "name": "pantrypad",
  "version": "0.0.1",
  "lockfileVersion": 3,
  "requires": true,
  "packages": {
    "": {
      "name": "pantrypad",
      "version": "0.0.1",
      "license": "MIT",
      "devDependencies": {
        "@dnncommunity/dnn-elements": "^0.24.0-beta.1",
        "@stencil/core": "^4.21.0",
        "@stencil/sass": "^3.0.12",
        "@types/node": "^22.5.5",
        "modern-normalize": "^3.0.1",
        "stencil-router-v2": "^0.6.0"
      }
    },
    "node_modules/@dnncommunity/dnn-elements": {
      "version": "0.24.0-beta.1",
      "resolved": "https://registry.npmjs.org/@dnncommunity/dnn-elements/-/dnn-elements-0.24.0-beta.1.tgz",
      "integrity": "sha512-L3o9gdl5L45mQkQh4ESlt5XX4vzb56cdE7Qx9l55zmv9CGoHHKo74TH3lbFwwndNFxvT3/fda6VTiPoYFFXrsw==",
      "dev": true,
      "dependencies": {
        "jodit": "^4.2.27"
      }
    },
    "node_modules/@stencil/core": {
      "version": "4.21.0",
      "resolved": "https://registry.npmjs.org/@stencil/core/-/core-4.21.0.tgz",
      "integrity": "sha512-v50lnVbzS8mpMSnEVxR+G75XpvxHKtkJaQrNPE8+/fF6Ppr5z4bcdcBhcP8LPfEW+4BZcic6VifMXRwTopc+kw==",
      "dev": true,
      "bin": {
        "stencil": "bin/stencil"
      },
      "engines": {
        "node": ">=16.0.0",
        "npm": ">=7.10.0"
      }
    },
    "node_modules/@stencil/sass": {
      "version": "3.0.12",
      "resolved": "https://registry.npmjs.org/@stencil/sass/-/sass-3.0.12.tgz",
      "integrity": "sha512-aXMgpG13ftxLYo2dDauapvE9gKzSxTAqCMOfTqbPhKUCZ43JsknkLx+PArRaFtfYeVGSQ8eTS4ck7/Nlec+PNA==",
      "dev": true,
      "engines": {
        "node": ">=12.0.0",
        "npm": ">=6.0.0"
      },
      "peerDependencies": {
        "@stencil/core": ">=2.0.0 || >=3.0.0-beta.0 || >= 4.0.0-beta.0 || >= 4.0.0"
      }
    },
    "node_modules/@stencil/store": {
      "version": "1.5.0",
      "resolved": "https://registry.npmjs.org/@stencil/store/-/store-1.5.0.tgz",
      "integrity": "sha512-fe5fCF6dgVlDM1iLRkkJUyUh0Tfx305asVGgMAJjIs7Q+x/b1pGgTLROm9Ibr53PZuFwr5Kg+4h9p4FLbYqHgA==",
      "dev": true,
      "peerDependencies": {
        "@stencil/core": ">=1.9.0"
      }
    },
    "node_modules/@types/node": {
      "version": "22.5.5",
      "resolved": "https://registry.npmjs.org/@types/node/-/node-22.5.5.tgz",
      "integrity": "sha512-Xjs4y5UPO/CLdzpgR6GirZJx36yScjh73+2NlLlkFRSoQN8B0DpfXPdZGnvVmLRLOsqDpOfTNv7D9trgGhmOIA==",
      "dev": true,
      "dependencies": {
        "undici-types": "~6.19.2"
      }
    },
    "node_modules/autobind-decorator": {
      "version": "2.4.0",
      "resolved": "https://registry.npmjs.org/autobind-decorator/-/autobind-decorator-2.4.0.tgz",
      "integrity": "sha512-OGYhWUO72V6DafbF8PM8rm3EPbfuyMZcJhtm5/n26IDwO18pohE4eNazLoCGhPiXOCD0gEGmrbU3849QvM8bbw==",
      "dev": true,
      "engines": {
        "node": ">=8.10",
        "npm": ">=6.4.1"
      }
    },
    "node_modules/jodit": {
      "version": "4.2.27",
      "resolved": "https://registry.npmjs.org/jodit/-/jodit-4.2.27.tgz",
      "integrity": "sha512-cqqeunB3HMElnocVhs5Qq2bhgpMIT2vKQPBpKcOTWKvX6GJ0GYAIneMEf43lphJuo+119CvBE8YgljD5iTfsAQ==",
      "dev": true,
      "dependencies": {
        "autobind-decorator": "^2.4.0"
      }
    },
    "node_modules/modern-normalize": {
      "version": "3.0.1",
      "resolved": "https://registry.npmjs.org/modern-normalize/-/modern-normalize-3.0.1.tgz",
      "integrity": "sha512-VqlMdYi59Uch6fnUPxnpijWUQe+TW6zeWCvyr6Mb7JibheHzSuAAoJi2c71ZwIaWKpECpGpYHoaaBp6rBRr+/g==",
      "dev": true,
      "engines": {
        "node": ">=6"
      },
      "funding": {
        "url": "https://github.com/sponsors/sindresorhus"
      }
    },
    "node_modules/stencil-router-v2": {
      "version": "0.6.0",
      "resolved": "https://registry.npmjs.org/stencil-router-v2/-/stencil-router-v2-0.6.0.tgz",
      "integrity": "sha512-E6ncNTIbFOleADelSQ7V/aSkZvdyTW8OKpPqxLi3AdUf8EwN0vZAMsIKHyPPS2hHLCh2/qNyVb/pbnzOszYBCw==",
      "dev": true,
      "dependencies": {
        "@stencil/store": "^1.1.0"
      },
      "peerDependencies": {
        "@stencil/core": ">=1.10.0"
      }
    },
    "node_modules/undici-types": {
      "version": "6.19.8",
      "resolved": "https://registry.npmjs.org/undici-types/-/undici-types-6.19.8.tgz",
      "integrity": "sha512-ve2KP6f/JnbPBFyobGHuerC9g1FYGn/F8n1LWTwNxCEzd6IfqTwUQcNXgEtmmQ6DlRrC1hrSrBnCZPokRrDHjw==",
      "dev": true
    }
  }
}
